{
  "originHash" : "4a53850a5169a0163c641e3df3e6004eb6e030246fbae580403f4d650332e16a",
  "pins" : [
    {
      "identity" : "swift-tree-sitter",
      "kind" : "remoteSourceControl",
      "location" : "https://github.com/tree-sitter/swift-tree-sitter",
      "state" : {
        "revision" : "f97df585296977d8fcaf644cbde567151d1367b8",
        "version" : "0.10.0"
      }
    },
    {
      "identity" : "tree-sitter",
      "kind" : "remoteSourceControl",
      "location" : "https://github.com/tree-sitter/tree-sitter",
      "state" : {
        "revision" : "da6fe9beb4f7f67beb75914ca8e0d48ae48d6406",
        "version" : "0.25.10"
      }
    },
    {
      "identity" : "tree-sitter-css",
      "kind" : "remoteSourceControl",
      "location" : "https://github.com/tree-sitter/tree-sitter-css",
      "state" : {
        "revision" : "c0d581e32d183a536731ed6c3a72758b27e20411",
        "version" : "0.23.2"
      }
    },
    {
      "identity" : "tree-sitter-html",
      "kind" : "remoteSourceControl",
      "location" : "https://github.com/tree-sitter/tree-sitter-html",
      "state" : {
        "revision" : "5a5ca8551a179998360b4a4ca2c0f366a35acc03",
        "version" : "0.23.2"
      }
    }
  ],
  "version" : 3
}
